// !$*UTF8*$!
{
	archiveVersion = 1;
	classes = {
	};
	objectVersion = 56;
	objects = {

/* Begin PBXBuildFile section */
		4410AD082B983B49006BEFB2 /* main.cpp in Sources */ = {isa = PBXBuildFile; fileRef = 4410AD072B983B49006BEFB2 /* main.cpp */; };
		4410AD102B983B76006BEFB2 /* OpenGL.framework in Frameworks */ = {isa = PBXBuildFile; fileRef = 4410AD0F2B983B76006BEFB2 /* OpenGL.framework */; };
		4410AD122B983CDD006BEFB2 /* GLUT.framework in Frameworks */ = {isa = PBXBuildFile; fileRef = 4410AD112B983CDD006BEFB2 /* GLUT.framework */; };
		441828792BD232170034898D /* pushpop2.cpp in Sources */ = {isa = PBXBuildFile; fileRef = 441828782BD232170034898D /* pushpop2.cpp */; };
		441B95342BB647FD00DD37CF /* 튀르키예_과제제출용.cpp in Sources */ = {isa = PBXBuildFile; fileRef = 441B95332BB647FD00DD37CF /* 튀르키예_과제제출용.cpp */; };
		442437572BCAA25400A83B55 /* 원그리기.cpp in Sources */ = {isa = PBXBuildFile; fileRef = 442437562BCAA25400A83B55 /* 원그리기.cpp */; };
		442F9AB52BB1B0D800D62D7F /* idle_callback.cpp in Sources */ = {isa = PBXBuildFile; fileRef = 442F9AB42BB1B0D800D62D7F /* idle_callback.cpp */; };
		4435B19D2BD75FCC0016DA35 /* planet.cpp in Sources */ = {isa = PBXBuildFile; fileRef = 4435B19C2BD75FCC0016DA35 /* planet.cpp */; };
		44387C932BB187BC00ED6CBC /* time_Callback_2.cpp in Sources */ = {isa = PBXBuildFile; fileRef = 44387C922BB187BC00ED6CBC /* time_Callback_2.cpp */; };
		44387C952BB1884C00ED6CBC /* 사각형회전및더블버퍼.cpp in Sources */ = {isa = PBXBuildFile; fileRef = 44387C942BB1884C00ED6CBC /* 사각형회전및더블버퍼.cpp */; };
		4443A3DC2BA1D87000B6BC76 /* 기타모양.cpp in Sources */ = {isa = PBXBuildFile; fileRef = 4443A3DB2BA1D87000B6BC76 /* 기타모양.cpp */; };
		444B41352BC3E49200E85EB6 /* 타원곡선.c in Sources */ = {isa = PBXBuildFile; fileRef = 444B41342BC3E49200E85EB6 /* 타원곡선.c */; };
		447E322E2BC4FA4400EFD03F /* 카메라이동.cpp in Sources */ = {isa = PBXBuildFile; fileRef = 447E322D2BC4FA4300EFD03F /* 카메라이동.cpp */; };
		4482D2782BBA9C5B00ACB5A8 /* 별만들기_과제제출용.cpp in Sources */ = {isa = PBXBuildFile; fileRef = 4482D2772BBA9C5B00ACB5A8 /* 별만들기_과제제출용.cpp */; };
		44831B7B2BC90D9C00B10477 /* 투영방법.cpp in Sources */ = {isa = PBXBuildFile; fileRef = 44831B7A2BC90D9C00B10477 /* 투영방법.cpp */; };
		44831B7D2BC90F3A00B10477 /* 임의의 점에 대한 회전.cpp in Sources */ = {isa = PBXBuildFile; fileRef = 44831B7C2BC90F3A00B10477 /* 임의의 점에 대한 회전.cpp */; };
		44BA9A8A2BA80E6E004CF5A2 /* 사각형그리기실습.cpp in Sources */ = {isa = PBXBuildFile; fileRef = 44BA9A892BA80E6E004CF5A2 /* 사각형그리기실습.cpp */; };
		44BA9A8C2BA820CA004CF5A2 /* 랜덤사각형그리기실습.cpp in Sources */ = {isa = PBXBuildFile; fileRef = 44BA9A8B2BA820CA004CF5A2 /* 랜덤사각형그리기실습.cpp */; };
		44C4984E2BA072BF001CF8F0 /* 예제파일.cpp in Sources */ = {isa = PBXBuildFile; fileRef = 44C4984C2BA072BF001CF8F0 /* 예제파일.cpp */; };
		44C588F72BB6F71B007C91FB /* 별만들기_GPT4.cpp in Sources */ = {isa = PBXBuildFile; fileRef = 44C588F62BB6F71B007C91FB /* 별만들기_GPT4.cpp */; };
		44C588F92BB7C5BA007C91FB /* 별만들기_씨버젼.c in Sources */ = {isa = PBXBuildFile; fileRef = 44C588F82BB7C5BA007C91FB /* 별만들기_씨버젼.c */; };
		44C588FB2BB7FD2E007C91FB /* 튀르키예국기.c in Sources */ = {isa = PBXBuildFile; fileRef = 44C588FA2BB7FD2E007C91FB /* 튀르키예국기.c */; };
		44CFBD052BDF830000C3552F /* popupMenu.cpp in Sources */ = {isa = PBXBuildFile; fileRef = 44CFBD042BDF830000C3552F /* popupMenu.cpp */; };
		44CFBD082BDF837E00C3552F /* popupSubMenu.cpp in Sources */ = {isa = PBXBuildFile; fileRef = 44CFBD062BDF837E00C3552F /* popupSubMenu.cpp */; };
		44D685AF2BAD6EB000F45FB4 /* timer_Callback.cpp in Sources */ = {isa = PBXBuildFile; fileRef = 44D685AE2BAD6EB000F45FB4 /* timer_Callback.cpp */; };
		44D6CA3B2BB44C3800717C50 /* 별만들기.cpp in Sources */ = {isa = PBXBuildFile; fileRef = 44D6CA3A2BB44C3800717C50 /* 별만들기.cpp */; };
		44E1C5FB2BBD70BD00D44D91 /* 도형_그리기_수업.cpp in Sources */ = {isa = PBXBuildFile; fileRef = 44E1C5FA2BBD70BD00D44D91 /* 도형_그리기_수업.cpp */; };
		44EADB592BA97B60004AFE9F /* Reshape_callback.cpp in Sources */ = {isa = PBXBuildFile; fileRef = 44EADB582BA97B60004AFE9F /* Reshape_callback.cpp */; };
		44EADB5B2BA97BF2004AFE9F /* Mouse_Keyboard_callback.cpp in Sources */ = {isa = PBXBuildFile; fileRef = 44EADB5A2BA97BF2004AFE9F /* Mouse_Keyboard_callback.cpp */; };
		44F7EDA22BB2B25A005217F3 /* 라인그리기.cpp in Sources */ = {isa = PBXBuildFile; fileRef = 44F7EDA12BB2B25A005217F3 /* 라인그리기.cpp */; };
		44F7EDA42BB2B29E005217F3 /* 도형그리기.cpp in Sources */ = {isa = PBXBuildFile; fileRef = 44F7EDA32BB2B29E005217F3 /* 도형그리기.cpp */; };
		44F7EDA62BB2B2DC005217F3 /* Idle_Callback2.cpp in Sources */ = {isa = PBXBuildFile; fileRef = 44F7EDA52BB2B2DC005217F3 /* Idle_Callback2.cpp */; };
		44F7EDA82BB2B4BB005217F3 /* 튀르키예.cpp in Sources */ = {isa = PBXBuildFile; fileRef = 44F7EDA72BB2B4BB005217F3 /* 튀르키예.cpp */; };
		44F7EDAA2BB2D754005217F3 /* Demo_triangle.cpp in Sources */ = {isa = PBXBuildFile; fileRef = 44F7EDA92BB2D754005217F3 /* Demo_triangle.cpp */; };
/* End PBXBuildFile section */

/* Begin PBXCopyFilesBuildPhase section */
		4410AD022B983B49006BEFB2 /* CopyFiles */ = {
			isa = PBXCopyFilesBuildPhase;
			buildActionMask = 2147483647;
			dstPath = /usr/share/man/man1/;
			dstSubfolderSpec = 0;
			files = (
			);
			runOnlyForDeploymentPostprocessing = 1;
		};
/* End PBXCopyFilesBuildPhase section */

/* Begin PBXFileReference section */
		4410AD042B983B49006BEFB2 /* OpenGlTest */ = {isa = PBXFileReference; explicitFileType = "compiled.mach-o.executable"; includeInIndex = 0; path = OpenGlTest; sourceTree = BUILT_PRODUCTS_DIR; };
		4410AD072B983B49006BEFB2 /* main.cpp */ = {isa = PBXFileReference; lastKnownFileType = sourcecode.cpp.cpp; path = main.cpp; sourceTree = "<group>"; };
		4410AD0F2B983B76006BEFB2 /* OpenGL.framework */ = {isa = PBXFileReference; lastKnownFileType = wrapper.framework; name = OpenGL.framework; path = System/Library/Frameworks/OpenGL.framework; sourceTree = SDKROOT; };
		4410AD112B983CDD006BEFB2 /* GLUT.framework */ = {isa = PBXFileReference; lastKnownFileType = wrapper.framework; name = GLUT.framework; path = System/Library/Frameworks/GLUT.framework; sourceTree = SDKROOT; };
		441828782BD232170034898D /* pushpop2.cpp */ = {isa = PBXFileReference; lastKnownFileType = sourcecode.cpp.cpp; path = pushpop2.cpp; sourceTree = "<group>"; };
		441B95332BB647FD00DD37CF /* 튀르키예_과제제출용.cpp */ = {isa = PBXFileReference; lastKnownFileType = sourcecode.cpp.cpp; path = "튀르키예_과제제출용.cpp"; sourceTree = "<group>"; };
		442437562BCAA25400A83B55 /* 원그리기.cpp */ = {isa = PBXFileReference; lastKnownFileType = sourcecode.cpp.cpp; path = "원그리기.cpp"; sourceTree = "<group>"; };
		442F9AB42BB1B0D800D62D7F /* idle_callback.cpp */ = {isa = PBXFileReference; lastKnownFileType = sourcecode.cpp.cpp; path = idle_callback.cpp; sourceTree = "<group>"; };
		4435B19C2BD75FCC0016DA35 /* planet.cpp */ = {isa = PBXFileReference; lastKnownFileType = sourcecode.cpp.cpp; path = planet.cpp; sourceTree = "<group>"; };
		44387C922BB187BC00ED6CBC /* time_Callback_2.cpp */ = {isa = PBXFileReference; lastKnownFileType = sourcecode.cpp.cpp; path = time_Callback_2.cpp; sourceTree = "<group>"; };
		44387C942BB1884C00ED6CBC /* 사각형회전및더블버퍼.cpp */ = {isa = PBXFileReference; lastKnownFileType = sourcecode.cpp.cpp; path = "사각형회전및더블버퍼.cpp"; sourceTree = "<group>"; };
		4443A3DB2BA1D87000B6BC76 /* 기타모양.cpp */ = {isa = PBXFileReference; lastKnownFileType = sourcecode.cpp.cpp; path = "기타모양.cpp"; sourceTree = "<group>"; };
		444B41342BC3E49200E85EB6 /* 타원곡선.c */ = {isa = PBXFileReference; lastKnownFileType = sourcecode.c.c; path = "타원곡선.c"; sourceTree = "<group>"; };
		447E322D2BC4FA4300EFD03F /* 카메라이동.cpp */ = {isa = PBXFileReference; lastKnownFileType = sourcecode.cpp.cpp; path = "카메라이동.cpp"; sourceTree = "<group>"; };
		4482D2772BBA9C5B00ACB5A8 /* 별만들기_과제제출용.cpp */ = {isa = PBXFileReference; lastKnownFileType = sourcecode.cpp.cpp; path = "별만들기_과제제출용.cpp"; sourceTree = "<group>"; };
		44831B7A2BC90D9C00B10477 /* 투영방법.cpp */ = {isa = PBXFileReference; lastKnownFileType = sourcecode.cpp.cpp; path = "투영방법.cpp"; sourceTree = "<group>"; };
		44831B7C2BC90F3A00B10477 /* 임의의 점에 대한 회전.cpp */ = {isa = PBXFileReference; lastKnownFileType = sourcecode.cpp.cpp; path = "임의의 점에 대한 회전.cpp"; sourceTree = "<group>"; };
		44BA9A892BA80E6E004CF5A2 /* 사각형그리기실습.cpp */ = {isa = PBXFileReference; lastKnownFileType = sourcecode.cpp.cpp; path = "사각형그리기실습.cpp"; sourceTree = "<group>"; };
		44BA9A8B2BA820CA004CF5A2 /* 랜덤사각형그리기실습.cpp */ = {isa = PBXFileReference; lastKnownFileType = sourcecode.cpp.cpp; path = "랜덤사각형그리기실습.cpp"; sourceTree = "<group>"; };
		44C4984C2BA072BF001CF8F0 /* 예제파일.cpp */ = {isa = PBXFileReference; lastKnownFileType = sourcecode.cpp.cpp; path = "예제파일.cpp"; sourceTree = "<group>"; };
		44C4984D2BA072BF001CF8F0 /* 예제파일.hpp */ = {isa = PBXFileReference; lastKnownFileType = sourcecode.cpp.h; path = "예제파일.hpp"; sourceTree = "<group>"; };
		44C588F62BB6F71B007C91FB /* 별만들기_GPT4.cpp */ = {isa = PBXFileReference; lastKnownFileType = sourcecode.cpp.cpp; path = "별만들기_GPT4.cpp"; sourceTree = "<group>"; };
		44C588F82BB7C5BA007C91FB /* 별만들기_씨버젼.c */ = {isa = PBXFileReference; lastKnownFileType = sourcecode.c.c; path = "별만들기_씨버젼.c"; sourceTree = "<group>"; };
		44C588FA2BB7FD2E007C91FB /* 튀르키예국기.c */ = {isa = PBXFileReference; lastKnownFileType = sourcecode.c.c; path = "튀르키예국기.c"; sourceTree = "<group>"; };
		44CFBD042BDF830000C3552F /* popupMenu.cpp */ = {isa = PBXFileReference; lastKnownFileType = sourcecode.cpp.cpp; path = popupMenu.cpp; sourceTree = "<group>"; };
		44CFBD062BDF837E00C3552F /* popupSubMenu.cpp */ = {isa = PBXFileReference; lastKnownFileType = sourcecode.cpp.cpp; path = popupSubMenu.cpp; sourceTree = "<group>"; };
		44D685AE2BAD6EB000F45FB4 /* timer_Callback.cpp */ = {isa = PBXFileReference; lastKnownFileType = sourcecode.cpp.cpp; path = timer_Callback.cpp; sourceTree = "<group>"; };
		44D6CA3A2BB44C3800717C50 /* 별만들기.cpp */ = {isa = PBXFileReference; lastKnownFileType = sourcecode.cpp.cpp; path = "별만들기.cpp"; sourceTree = "<group>"; };
		44E1C5FA2BBD70BD00D44D91 /* 도형_그리기_수업.cpp */ = {isa = PBXFileReference; lastKnownFileType = sourcecode.cpp.cpp; path = "도형_그리기_수업.cpp"; sourceTree = "<group>"; };
		44EADB582BA97B60004AFE9F /* Reshape_callback.cpp */ = {isa = PBXFileReference; lastKnownFileType = sourcecode.cpp.cpp; path = Reshape_callback.cpp; sourceTree = "<group>"; };
		44EADB5A2BA97BF2004AFE9F /* Mouse_Keyboard_callback.cpp */ = {isa = PBXFileReference; lastKnownFileType = sourcecode.cpp.cpp; path = Mouse_Keyboard_callback.cpp; sourceTree = "<group>"; };
		44F7EDA12BB2B25A005217F3 /* 라인그리기.cpp */ = {isa = PBXFileReference; lastKnownFileType = sourcecode.cpp.cpp; path = "라인그리기.cpp"; sourceTree = "<group>"; };
		44F7EDA32BB2B29E005217F3 /* 도형그리기.cpp */ = {isa = PBXFileReference; lastKnownFileType = sourcecode.cpp.cpp; path = "도형그리기.cpp"; sourceTree = "<group>"; };
		44F7EDA52BB2B2DC005217F3 /* Idle_Callback2.cpp */ = {isa = PBXFileReference; lastKnownFileType = sourcecode.cpp.cpp; path = Idle_Callback2.cpp; sourceTree = "<group>"; };
		44F7EDA72BB2B4BB005217F3 /* 튀르키예.cpp */ = {isa = PBXFileReference; lastKnownFileType = sourcecode.cpp.cpp; path = "튀르키예.cpp"; sourceTree = "<group>"; };
		44F7EDA92BB2D754005217F3 /* Demo_triangle.cpp */ = {isa = PBXFileReference; lastKnownFileType = sourcecode.cpp.cpp; path = Demo_triangle.cpp; sourceTree = "<group>"; };
/* End PBXFileReference section */

/* Begin PBXFrameworksBuildPhase section */
		4410AD012B983B49006BEFB2 /* Frameworks */ = {
			isa = PBXFrameworksBuildPhase;
			buildActionMask = 2147483647;
			files = (
				4410AD122B983CDD006BEFB2 /* GLUT.framework in Frameworks */,
				4410AD102B983B76006BEFB2 /* OpenGL.framework in Frameworks */,
			);
			runOnlyForDeploymentPostprocessing = 0;
		};
/* End PBXFrameworksBuildPhase section */

/* Begin PBXGroup section */
		4410ACFB2B983B49006BEFB2 = {
			isa = PBXGroup;
			children = (
				4410AD062B983B49006BEFB2 /* OpenGlTest */,
				4410AD052B983B49006BEFB2 /* Products */,
				4410AD0E2B983B76006BEFB2 /* Frameworks */,
			);
			sourceTree = "<group>";
		};
		4410AD052B983B49006BEFB2 /* Products */ = {
			isa = PBXGroup;
			children = (
				4410AD042B983B49006BEFB2 /* OpenGlTest */,
			);
			name = Products;
			sourceTree = "<group>";
		};
		4410AD062B983B49006BEFB2 /* OpenGlTest */ = {
			isa = PBXGroup;
			children = (
				4410AD072B983B49006BEFB2 /* main.cpp */,
				44C4984C2BA072BF001CF8F0 /* 예제파일.cpp */,
				44C4984D2BA072BF001CF8F0 /* 예제파일.hpp */,
				4443A3DB2BA1D87000B6BC76 /* 기타모양.cpp */,
				44BA9A892BA80E6E004CF5A2 /* 사각형그리기실습.cpp */,
				44BA9A8B2BA820CA004CF5A2 /* 랜덤사각형그리기실습.cpp */,
				44EADB582BA97B60004AFE9F /* Reshape_callback.cpp */,
				44EADB5A2BA97BF2004AFE9F /* Mouse_Keyboard_callback.cpp */,
				44D685AE2BAD6EB000F45FB4 /* timer_Callback.cpp */,
				44387C922BB187BC00ED6CBC /* time_Callback_2.cpp */,
				44387C942BB1884C00ED6CBC /* 사각형회전및더블버퍼.cpp */,
				442F9AB42BB1B0D800D62D7F /* idle_callback.cpp */,
				44F7EDA12BB2B25A005217F3 /* 라인그리기.cpp */,
				44F7EDA32BB2B29E005217F3 /* 도형그리기.cpp */,
				44F7EDA52BB2B2DC005217F3 /* Idle_Callback2.cpp */,
				44F7EDA72BB2B4BB005217F3 /* 튀르키예.cpp */,
				44D6CA3A2BB44C3800717C50 /* 별만들기.cpp */,
				44F7EDA92BB2D754005217F3 /* Demo_triangle.cpp */,
				44C588F62BB6F71B007C91FB /* 별만들기_GPT4.cpp */,
				44C588F82BB7C5BA007C91FB /* 별만들기_씨버젼.c */,
				441B95332BB647FD00DD37CF /* 튀르키예_과제제출용.cpp */,
				44C588FA2BB7FD2E007C91FB /* 튀르키예국기.c */,
				4482D2772BBA9C5B00ACB5A8 /* 별만들기_과제제출용.cpp */,
				44E1C5FA2BBD70BD00D44D91 /* 도형_그리기_수업.cpp */,
				444B41342BC3E49200E85EB6 /* 타원곡선.c */,
				447E322D2BC4FA4300EFD03F /* 카메라이동.cpp */,
				44831B7A2BC90D9C00B10477 /* 투영방법.cpp */,
				44831B7C2BC90F3A00B10477 /* 임의의 점에 대한 회전.cpp */,
				442437562BCAA25400A83B55 /* 원그리기.cpp */,
				441828782BD232170034898D /* pushpop2.cpp */,
				4435B19C2BD75FCC0016DA35 /* planet.cpp */,
				44CFBD042BDF830000C3552F /* popupMenu.cpp */,
				44CFBD062BDF837E00C3552F /* popupSubMenu.cpp */,
			);
			path = OpenGlTest;
			sourceTree = "<group>";
		};
		4410AD0E2B983B76006BEFB2 /* Frameworks */ = {
			isa = PBXGroup;
			children = (
				4410AD112B983CDD006BEFB2 /* GLUT.framework */,
				4410AD0F2B983B76006BEFB2 /* OpenGL.framework */,
			);
			name = Frameworks;
			sourceTree = "<group>";
		};
/* End PBXGroup section */

/* Begin PBXNativeTarget section */
		4410AD032B983B49006BEFB2 /* OpenGlTest */ = {
			isa = PBXNativeTarget;
			buildConfigurationList = 4410AD0B2B983B49006BEFB2 /* Build configuration list for PBXNativeTarget "OpenGlTest" */;
			buildPhases = (
				4410AD002B983B49006BEFB2 /* Sources */,
				4410AD012B983B49006BEFB2 /* Frameworks */,
				4410AD022B983B49006BEFB2 /* CopyFiles */,
			);
			buildRules = (
			);
			dependencies = (
			);
			name = OpenGlTest;
			productName = OpenGlTest;
			productReference = 4410AD042B983B49006BEFB2 /* OpenGlTest */;
			productType = "com.apple.product-type.tool";
		};
/* End PBXNativeTarget section */

/* Begin PBXProject section */
		4410ACFC2B983B49006BEFB2 /* Project object */ = {
			isa = PBXProject;
			attributes = {
				BuildIndependentTargetsInParallel = 1;
				LastUpgradeCheck = 1520;
				TargetAttributes = {
					4410AD032B983B49006BEFB2 = {
						CreatedOnToolsVersion = 15.2;
					};
				};
			};
			buildConfigurationList = 4410ACFF2B983B49006BEFB2 /* Build configuration list for PBXProject "OpenGlTest" */;
			compatibilityVersion = "Xcode 14.0";
			developmentRegion = en;
			hasScannedForEncodings = 0;
			knownRegions = (
				en,
				Base,
			);
			mainGroup = 4410ACFB2B983B49006BEFB2;
			productRefGroup = 4410AD052B983B49006BEFB2 /* Products */;
			projectDirPath = "";
			projectRoot = "";
			targets = (
				4410AD032B983B49006BEFB2 /* OpenGlTest */,
			);
		};
/* End PBXProject section */

/* Begin PBXSourcesBuildPhase section */
		4410AD002B983B49006BEFB2 /* Sources */ = {
			isa = PBXSourcesBuildPhase;
			buildActionMask = 2147483647;
			files = (
				44387C932BB187BC00ED6CBC /* time_Callback_2.cpp in Sources */,
				44E1C5FB2BBD70BD00D44D91 /* 도형_그리기_수업.cpp in Sources */,
				44831B7B2BC90D9C00B10477 /* 투영방법.cpp in Sources */,
				44D685AF2BAD6EB000F45FB4 /* timer_Callback.cpp in Sources */,
				44F7EDA82BB2B4BB005217F3 /* 튀르키예.cpp in Sources */,
				44C588F92BB7C5BA007C91FB /* 별만들기_씨버젼.c in Sources */,
				447E322E2BC4FA4400EFD03F /* 카메라이동.cpp in Sources */,
				44CFBD052BDF830000C3552F /* popupMenu.cpp in Sources */,
				44C588F72BB6F71B007C91FB /* 별만들기_GPT4.cpp in Sources */,
				444B41352BC3E49200E85EB6 /* 타원곡선.c in Sources */,
				44BA9A8A2BA80E6E004CF5A2 /* 사각형그리기실습.cpp in Sources */,
				441B95342BB647FD00DD37CF /* 튀르키예_과제제출용.cpp in Sources */,
				44F7EDA62BB2B2DC005217F3 /* Idle_Callback2.cpp in Sources */,
				44F7EDA22BB2B25A005217F3 /* 라인그리기.cpp in Sources */,
				44D6CA3B2BB44C3800717C50 /* 별만들기.cpp in Sources */,
				44EADB592BA97B60004AFE9F /* Reshape_callback.cpp in Sources */,
				44C4984E2BA072BF001CF8F0 /* 예제파일.cpp in Sources */,
				4482D2782BBA9C5B00ACB5A8 /* 별만들기_과제제출용.cpp in Sources */,
				44C588FB2BB7FD2E007C91FB /* 튀르키예국기.c in Sources */,
				4443A3DC2BA1D87000B6BC76 /* 기타모양.cpp in Sources */,
				44CFBD082BDF837E00C3552F /* popupSubMenu.cpp in Sources */,
				44387C952BB1884C00ED6CBC /* 사각형회전및더블버퍼.cpp in Sources */,
				44EADB5B2BA97BF2004AFE9F /* Mouse_Keyboard_callback.cpp in Sources */,
				4435B19D2BD75FCC0016DA35 /* planet.cpp in Sources */,
				442F9AB52BB1B0D800D62D7F /* idle_callback.cpp in Sources */,
				441828792BD232170034898D /* pushpop2.cpp in Sources */,
				442437572BCAA25400A83B55 /* 원그리기.cpp in Sources */,
				44F7EDAA2BB2D754005217F3 /* Demo_triangle.cpp in Sources */,
				44F7EDA42BB2B29E005217F3 /* 도형그리기.cpp in Sources */,
				44831B7D2BC90F3A00B10477 /* 임의의 점에 대한 회전.cpp in Sources */,
				4410AD082B983B49006BEFB2 /* main.cpp in Sources */,
				44BA9A8C2BA820CA004CF5A2 /* 랜덤사각형그리기실습.cpp in Sources */,
			);
			runOnlyForDeploymentPostprocessing = 0;
		};
/* End PBXSourcesBuildPhase section */

/* Begin XCBuildConfiguration section */
		4410AD092B983B49006BEFB2 /* Debug */ = {
			isa = XCBuildConfiguration;
			buildSettings = {
				ALWAYS_SEARCH_USER_PATHS = NO;
				ASSETCATALOG_COMPILER_GENERATE_SWIFT_ASSET_SYMBOL_EXTENSIONS = YES;
				CLANG_ANALYZER_NONNULL = YES;
				CLANG_ANALYZER_NUMBER_OBJECT_CONVERSION = YES_AGGRESSIVE;
				CLANG_CXX_LANGUAGE_STANDARD = "gnu++20";
				CLANG_ENABLE_MODULES = YES;
				CLANG_ENABLE_OBJC_ARC = YES;
				CLANG_ENABLE_OBJC_WEAK = YES;
				CLANG_WARN_BLOCK_CAPTURE_AUTORELEASING = YES;
				CLANG_WARN_BOOL_CONVERSION = YES;
				CLANG_WARN_COMMA = YES;
				CLANG_WARN_CONSTANT_CONVERSION = YES;
				CLANG_WARN_DEPRECATED_OBJC_IMPLEMENTATIONS = YES;
				CLANG_WARN_DIRECT_OBJC_ISA_USAGE = YES_ERROR;
				CLANG_WARN_DOCUMENTATION_COMMENTS = YES;
				CLANG_WARN_EMPTY_BODY = YES;
				CLANG_WARN_ENUM_CONVERSION = YES;
				CLANG_WARN_INFINITE_RECURSION = YES;
				CLANG_WARN_INT_CONVERSION = YES;
				CLANG_WARN_NON_LITERAL_NULL_CONVERSION = YES;
				CLANG_WARN_OBJC_IMPLICIT_RETAIN_SELF = YES;
				CLANG_WARN_OBJC_LITERAL_CONVERSION = YES;
				CLANG_WARN_OBJC_ROOT_CLASS = YES_ERROR;
				CLANG_WARN_QUOTED_INCLUDE_IN_FRAMEWORK_HEADER = YES;
				CLANG_WARN_RANGE_LOOP_ANALYSIS = YES;
				CLANG_WARN_STRICT_PROTOTYPES = YES;
				CLANG_WARN_SUSPICIOUS_MOVE = YES;
				CLANG_WARN_UNGUARDED_AVAILABILITY = YES_AGGRESSIVE;
				CLANG_WARN_UNREACHABLE_CODE = YES;
				CLANG_WARN__DUPLICATE_METHOD_MATCH = YES;
				COPY_PHASE_STRIP = NO;
				DEBUG_INFORMATION_FORMAT = dwarf;
				ENABLE_STRICT_OBJC_MSGSEND = YES;
				ENABLE_TESTABILITY = YES;
				ENABLE_USER_SCRIPT_SANDBOXING = YES;
				GCC_C_LANGUAGE_STANDARD = gnu17;
				GCC_DYNAMIC_NO_PIC = NO;
				GCC_NO_COMMON_BLOCKS = YES;
				GCC_OPTIMIZATION_LEVEL = 0;
				GCC_PREPROCESSOR_DEFINITIONS = (
					"DEBUG=1",
					"$(inherited)",
				);
				GCC_WARN_64_TO_32_BIT_CONVERSION = YES;
				GCC_WARN_ABOUT_RETURN_TYPE = YES_ERROR;
				GCC_WARN_UNDECLARED_SELECTOR = YES;
				GCC_WARN_UNINITIALIZED_AUTOS = YES_AGGRESSIVE;
				GCC_WARN_UNUSED_FUNCTION = YES;
				GCC_WARN_UNUSED_VARIABLE = YES;
				LOCALIZATION_PREFERS_STRING_CATALOGS = YES;
				MACOSX_DEPLOYMENT_TARGET = 13.6;
				MTL_ENABLE_DEBUG_INFO = INCLUDE_SOURCE;
				MTL_FAST_MATH = YES;
				ONLY_ACTIVE_ARCH = YES;
				SDKROOT = macosx;
			};
			name = Debug;
		};
		4410AD0A2B983B49006BEFB2 /* Release */ = {
			isa = XCBuildConfiguration;
			buildSettings = {
				ALWAYS_SEARCH_USER_PATHS = NO;
				ASSETCATALOG_COMPILER_GENERATE_SWIFT_ASSET_SYMBOL_EXTENSIONS = YES;
				CLANG_ANALYZER_NONNULL = YES;
				CLANG_ANALYZER_NUMBER_OBJECT_CONVERSION = YES_AGGRESSIVE;
				CLANG_CXX_LANGUAGE_STANDARD = "gnu++20";
				CLANG_ENABLE_MODULES = YES;
				CLANG_ENABLE_OBJC_ARC = YES;
				CLANG_ENABLE_OBJC_WEAK = YES;
				CLANG_WARN_BLOCK_CAPTURE_AUTORELEASING = YES;
				CLANG_WARN_BOOL_CONVERSION = YES;
				CLANG_WARN_COMMA = YES;
				CLANG_WARN_CONSTANT_CONVERSION = YES;
				CLANG_WARN_DEPRECATED_OBJC_IMPLEMENTATIONS = YES;
				CLANG_WARN_DIRECT_OBJC_ISA_USAGE = YES_ERROR;
				CLANG_WARN_DOCUMENTATION_COMMENTS = YES;
				CLANG_WARN_EMPTY_BODY = YES;
				CLANG_WARN_ENUM_CONVERSION = YES;
				CLANG_WARN_INFINITE_RECURSION = YES;
				CLANG_WARN_INT_CONVERSION = YES;
				CLANG_WARN_NON_LITERAL_NULL_CONVERSION = YES;
				CLANG_WARN_OBJC_IMPLICIT_RETAIN_SELF = YES;
				CLANG_WARN_OBJC_LITERAL_CONVERSION = YES;
				CLANG_WARN_OBJC_ROOT_CLASS = YES_ERROR;
				CLANG_WARN_QUOTED_INCLUDE_IN_FRAMEWORK_HEADER = YES;
				CLANG_WARN_RANGE_LOOP_ANALYSIS = YES;
				CLANG_WARN_STRICT_PROTOTYPES = YES;
				CLANG_WARN_SUSPICIOUS_MOVE = YES;
				CLANG_WARN_UNGUARDED_AVAILABILITY = YES_AGGRESSIVE;
				CLANG_WARN_UNREACHABLE_CODE = YES;
				CLANG_WARN__DUPLICATE_METHOD_MATCH = YES;
				COPY_PHASE_STRIP = NO;
				DEBUG_INFORMATION_FORMAT = "dwarf-with-dsym";
				ENABLE_NS_ASSERTIONS = NO;
				ENABLE_STRICT_OBJC_MSGSEND = YES;
				ENABLE_USER_SCRIPT_SANDBOXING = YES;
				GCC_C_LANGUAGE_STANDARD = gnu17;
				GCC_NO_COMMON_BLOCKS = YES;
				GCC_WARN_64_TO_32_BIT_CONVERSION = YES;
				GCC_WARN_ABOUT_RETURN_TYPE = YES_ERROR;
				GCC_WARN_UNDECLARED_SELECTOR = YES;
				GCC_WARN_UNINITIALIZED_AUTOS = YES_AGGRESSIVE;
				GCC_WARN_UNUSED_FUNCTION = YES;
				GCC_WARN_UNUSED_VARIABLE = YES;
				LOCALIZATION_PREFERS_STRING_CATALOGS = YES;
				MACOSX_DEPLOYMENT_TARGET = 13.6;
				MTL_ENABLE_DEBUG_INFO = NO;
				MTL_FAST_MATH = YES;
				SDKROOT = macosx;
			};
			name = Release;
		};
		4410AD0C2B983B49006BEFB2 /* Debug */ = {
			isa = XCBuildConfiguration;
			buildSettings = {
				CODE_SIGN_STYLE = Automatic;
				PRODUCT_NAME = "$(TARGET_NAME)";
			};
			name = Debug;
		};
		4410AD0D2B983B49006BEFB2 /* Release */ = {
			isa = XCBuildConfiguration;
			buildSettings = {
				CODE_SIGN_STYLE = Automatic;
				PRODUCT_NAME = "$(TARGET_NAME)";
			};
			name = Release;
		};
/* End XCBuildConfiguration section */

/* Begin XCConfigurationList section */
		4410ACFF2B983B49006BEFB2 /* Build configuration list for PBXProject "OpenGlTest" */ = {
			isa = XCConfigurationList;
			buildConfigurations = (
				4410AD092B983B49006BEFB2 /* Debug */,
				4410AD0A2B983B49006BEFB2 /* Release */,
			);
			defaultConfigurationIsVisible = 0;
			defaultConfigurationName = Release;
		};
		4410AD0B2B983B49006BEFB2 /* Build configuration list for PBXNativeTarget "OpenGlTest" */ = {
			isa = XCConfigurationList;
			buildConfigurations = (
				4410AD0C2B983B49006BEFB2 /* Debug */,
				4410AD0D2B983B49006BEFB2 /* Release */,
			);
			defaultConfigurationIsVisible = 0;
			defaultConfigurationName = Release;
		};
/* End XCConfigurationList section */
	};
	rootObject = 4410ACFC2B983B49006BEFB2 /* Project object */;
}
